
Microsoft Visual Studio Solution File, Format Version 12.00
# Visual Studio 2015
Project("{FAE04EC0-301F-11D3-BF4B-00C04F79EFBC}") = "ARIntelligenceProject", "ARIntelligenceProject.csproj", "{438BD53F-7874-245A-C4D4-648BDE7C7FF0}"
EndProject
Project("{FAE04EC0-301F-11D3-BF4B-00C04F79EFBC}") = "ARIntelligenceProject.Editor", "ARIntelligenceProject.Editor.csproj", "{52013165-2F7D-A9EB-CC89-F617A5941800}"
EndProject
Global
	GlobalSection(SolutionConfigurationPlatforms) = preSolution
		Debug|Any CPU = Debug|Any CPU
		Release|Any CPU = Release|Any CPU
	EndGlobalSection
	GlobalSection(ProjectConfigurationPlatforms) = postSolution
		{438BD53F-7874-245A-C4D4-648BDE7C7FF0}.Debug|Any CPU.ActiveCfg = Debug|Any CPU
		{438BD53F-7874-245A-C4D4-648BDE7C7FF0}.Debug|Any CPU.Build.0 = Debug|Any CPU
		{438BD53F-7874-245A-C4D4-648BDE7C7FF0}.Release|Any CPU.ActiveCfg = Release|Any CPU
		{438BD53F-7874-245A-C4D4-648BDE7C7FF0}.Release|Any CPU.Build.0 = Release|Any CPU
		{52013165-2F7D-A9EB-CC89-F617A5941800}.Debug|Any CPU.ActiveCfg = Debug|Any CPU
		{52013165-2F7D-A9EB-CC89-F617A5941800}.Debug|Any CPU.Build.0 = Debug|Any CPU
		{52013165-2F7D-A9EB-CC89-F617A5941800}.Release|Any CPU.ActiveCfg = Release|Any CPU
		{52013165-2F7D-A9EB-CC89-F617A5941800}.Release|Any CPU.Build.0 = Release|Any CPU
	EndGlobalSection
	GlobalSection(SolutionProperties) = preSolution
		HideSolutionNode = FALSE
	EndGlobalSection
EndGlobal
